
Microsoft Visual Studio Solution File, Format Version 12.00
# Visual Studio 15
VisualStudioVersion = 15.0.26730.16
MinimumVisualStudioVersion = 10.0.40219.1
Project("{9A19103F-16F7-4668-BE54-9A1E7A4F7556}") = "lesson6.1_Polygons", "lesson6\lesson6.1_Polygons.csproj", "{7711D577-C1C3-4480-92AC-C032B40B219A}"
EndProject
Project("{9A19103F-16F7-4668-BE54-9A1E7A4F7556}") = "Lesson6.2_Shapes", "Lesson6.2_Shapes\Lesson6.2_Shapes.csproj", "{4858A53A-41FC-4146-B0DB-E555930BC306}"
EndProject
Global
	GlobalSection(SolutionConfigurationPlatforms) = preSolution
		Debug|Any CPU = Debug|Any CPU
		Release|Any CPU = Release|Any CPU
	EndGlobalSection
	GlobalSection(ProjectConfigurationPlatforms) = postSolution
		{7711D577-C1C3-4480-92AC-C032B40B219A}.Debug|Any CPU.ActiveCfg = Debug|Any CPU
		{7711D577-C1C3-4480-92AC-C032B40B219A}.Debug|Any CPU.Build.0 = Debug|Any CPU
		{7711D577-C1C3-4480-92AC-C032B40B219A}.Release|Any CPU.ActiveCfg = Release|Any CPU
		{7711D577-C1C3-4480-92AC-C032B40B219A}.Release|Any CPU.Build.0 = Release|Any CPU
		{4858A53A-41FC-4146-B0DB-E555930BC306}.Debug|Any CPU.ActiveCfg = Debug|Any CPU
		{4858A53A-41FC-4146-B0DB-E555930BC306}.Debug|Any CPU.Build.0 = Debug|Any CPU
		{4858A53A-41FC-4146-B0DB-E555930BC306}.Release|Any CPU.ActiveCfg = Release|Any CPU
		{4858A53A-41FC-4146-B0DB-E555930BC306}.Release|Any CPU.Build.0 = Release|Any CPU
	EndGlobalSection
	GlobalSection(SolutionProperties) = preSolution
		HideSolutionNode = FALSE
	EndGlobalSection
	GlobalSection(ExtensibilityGlobals) = postSolution
		SolutionGuid = {6E1F4BA9-9AFC-413D-AD89-58C91F4814E5}
	EndGlobalSection
EndGlobal
